
Microsoft Visual Studio Solution File, Format Version 12.00
# Visual Studio Version 17
VisualStudioVersion = 17.2.32630.192
MinimumVisualStudioVersion = 10.0.40219.1
Project("{FAE04EC0-301F-11D3-BF4B-00C04F79EFBC}") = "Laborator 11", "Laborator 11\Laborator 11.csproj", "{59E92DA8-F2EB-4C15-8A71-D32F0E1BA6B0}"
EndProject
Global
	GlobalSection(SolutionConfigurationPlatforms) = preSolution
		Debug|Any CPU = Debug|Any CPU
		Release|Any CPU = Release|Any CPU
	EndGlobalSection
	GlobalSection(ProjectConfigurationPlatforms) = postSolution
		{59E92DA8-F2EB-4C15-8A71-D32F0E1BA6B0}.Debug|Any CPU.ActiveCfg = Debug|Any CPU
		{59E92DA8-F2EB-4C15-8A71-D32F0E1BA6B0}.Debug|Any CPU.Build.0 = Debug|Any CPU
		{59E92DA8-F2EB-4C15-8A71-D32F0E1BA6B0}.Release|Any CPU.ActiveCfg = Release|Any CPU
		{59E92DA8-F2EB-4C15-8A71-D32F0E1BA6B0}.Release|Any CPU.Build.0 = Release|Any CPU
	EndGlobalSection
	GlobalSection(SolutionProperties) = preSolution
		HideSolutionNode = FALSE
	EndGlobalSection
	GlobalSection(ExtensibilityGlobals) = postSolution
		SolutionGuid = {FF3C710D-47F0-4358-A5D7-62A5B7ACA7B8}
	EndGlobalSection
EndGlobal
